<?xml version="1.0" encoding="UTF-8" standalone="yes" ?>
<CodeBlocks_project_file>
	<FileVersion major="1" minor="6" />
	<Project>
		<Option title="Maze3D" />
		<Option pch_mode="2" />
		<Option compiler="gcc" />
		<Build>
			<Target title="Debug">
				<Option output="c:/usr64/bin/MazeD" prefix_auto="1" extension_auto="1" />
				<Option working_dir="c:/usr64/bin/" />
				<Option object_output="obj/Debug/" />
				<Option type="1" />
				<Option compiler="gcc" />
				<Compiler>
					<Add option="-pedantic" />
					<Add option="-Wextra" />
					<Add option="-g" />
				</Compiler>
				<Linker>
					<Add option="-lEagleDebugShared.dll" />
					<Add option="-lEagleA5DebugShared.dll" />
					<Add option="-lallegro_monolith-debug.dll" />
					<Add option="-lopengl32" />
					<Add option="-lglu32" />
				</Linker>
			</Target>
			<Target title="Release">
				<Option output="c:/usr64/bin/Maze" prefix_auto="1" extension_auto="1" />
				<Option working_dir="c:/usr64/bin/" />
				<Option object_output="obj/Release/" />
				<Option type="1" />
				<Option compiler="gcc" />
				<Compiler>
					<Add option="-O2" />
				</Compiler>
				<Linker>
					<Add option="-s" />
					<Add option="-lEagleShared.dll" />
					<Add option="-lEagleA5Shared.dll" />
					<Add option="-lallegro_monolith.dll" />
					<Add option="-lopengl32" />
					<Add option="-lglu32" />
				</Linker>
			</Target>
		</Build>
		<Compiler>
			<Add option="-Wall" />
			<Add directory="C:/usr64/projects/Maze3D/src" />
			<Add directory="c:/usr64/include" />
		</Compiler>
		<Linker>
			<Add directory="c:/usr64/lib" />
		</Linker>
		<Unit filename="Ideas.txt" />
		<Unit filename="src/Cube.cpp" />
		<Unit filename="src/Cube.hpp" />
		<Unit filename="src/Face.cpp" />
		<Unit filename="src/Face.hpp" />
		<Unit filename="src/Maze.cpp" />
		<Unit filename="src/Maze.hpp" />
		<Unit filename="src/Maze3DMain.cpp" />
		<Unit filename="src/PathSet.cpp" />
		<Unit filename="src/Pathset.hpp" />
		<Unit filename="src/Room.cpp" />
		<Unit filename="src/Room.hpp" />
		<Unit filename="src/Wall.cpp" />
		<Unit filename="src/Wall.hpp" />
		<Extensions />
	</Project>
</CodeBlocks_project_file>
